{
  "nodes": {
    "brew-src": {
      "flake": false,
      "locked": {
        "lastModified": 1746795192,
        "narHash": "sha256-Cv+RXuzmn2iGBY2Ny/nXBTH+LFKDWIvMxf9a+btKI6M=",
        "owner": "Homebrew",
        "repo": "brew",
        "rev": "6f39076b3c2251994419215279d0525ef667fc31",
        "type": "github"
      },
      "original": {
        "owner": "Homebrew",
        "ref": "4.5.2",
        "repo": "brew",
        "type": "github"
      }
    },
    "darwin": {
      "inputs": {
        "nixpkgs": [
          "nixpkgs"
        ]
      },
      "locked": {
        "lastModified": 1747365160,
        "narHash": "sha256-4ZVr0x+ry6ybym/VhVYACj0HlJo44YxAaPGOxiS88Hg=",
        "owner": "lnl7",
        "repo": "nix-darwin",
        "rev": "8817b00b0011750381d0d44bb94d61087349b6ba",
        "type": "github"
      },
      "original": {
        "owner": "lnl7",
        "repo": "nix-darwin",
        "type": "github"
      }
    },
    "disko": {
      "inputs": {
        "nixpkgs": [
          "nixpkgs"
        ]
      },
      "locked": {
        "lastModified": 1747274630,
        "narHash": "sha256-87RJwXbfOHyzTB9LYagAQ6vOZhszCvd8Gvudu+gf3qo=",
        "owner": "nix-community",
        "repo": "disko",
        "rev": "ec7c109a4f794fce09aad87239eab7f66540b888",
        "type": "github"
      },
      "original": {
        "owner": "nix-community",
        "repo": "disko",
        "type": "github"
      }
    },
    "home-manager": {
      "inputs": {
        "nixpkgs": [
          "zen-browser",
          "nixpkgs"
        ]
      },
      "locked": {
        "lastModified": 1743604125,
        "narHash": "sha256-ZD61DNbsBt1mQbinAaaEqKaJk2RFo9R/j+eYWeGMx7A=",
        "owner": "nix-community",
        "repo": "home-manager",
        "rev": "180fd43eea296e62ae68e079fcf56aba268b9a1a",
        "type": "github"
      },
      "original": {
        "owner": "nix-community",
        "repo": "home-manager",
        "type": "github"
      }
    },
    "homebrew-bundle": {
      "flake": false,
      "locked": {
        "lastModified": 1745335228,
        "narHash": "sha256-TIKR2UgtyUmHLNZp255/vLs+1I10hXe+sciMEbAGFwE=",
        "owner": "homebrew",
        "repo": "homebrew-bundle",
        "rev": "a3265c84b232e13048ecbf6fc18a2eedfadbeb08",
        "type": "github"
      },
      "original": {
        "owner": "homebrew",
        "repo": "homebrew-bundle",
        "type": "github"
      }
    },
    "homebrew-cask": {
      "flake": false,
      "locked": {
        "lastModified": 1747444194,
        "narHash": "sha256-NJdgT44Gl6MUE9TlMZDZHRhOmAKhZUoss/ZbOGaPq6o=",
        "owner": "homebrew",
        "repo": "homebrew-cask",
        "rev": "c55c8b13e08fb64b366a73071734a9c029a46bf5",
        "type": "github"
      },
      "original": {
        "owner": "homebrew",
        "repo": "homebrew-cask",
        "type": "github"
      }
    },
    "homebrew-core": {
      "flake": false,
      "locked": {
        "lastModified": 1747442462,
        "narHash": "sha256-cvjKeNVUy26WMGImzBnEvwvzX8zielGLm4494MfPTUE=",
        "owner": "homebrew",
        "repo": "homebrew-core",
        "rev": "36a568c5ca371a551f8a991f7f225fe2f399243c",
        "type": "github"
      },
      "original": {
        "owner": "homebrew",
        "repo": "homebrew-core",
        "type": "github"
      }
    },
    "nix-darwin": {
      "inputs": {
        "nixpkgs": "nixpkgs"
      },
      "locked": {
        "lastModified": 1716329735,
        "narHash": "sha256-ap51w+VqG21vuzyQ04WrhI2YbWHd3UGz0e7dc/QQmoA=",
        "owner": "LnL7",
        "repo": "nix-darwin",
        "rev": "eac4f25028c1975a939c8f8fba95c12f8a25e01c",
        "type": "github"
      },
      "original": {
        "owner": "LnL7",
        "repo": "nix-darwin",
        "type": "github"
      }
    },
    "nix-flatpak": {
      "locked": {
        "lastModified": 1744659587,
        "narHash": "sha256-xJnbmRVte13akgn+Prg06IaRHJ5OX3uVltwsCP/mxoc=",
        "owner": "gmodena",
        "repo": "nix-flatpak",
        "rev": "928d868a9141b48f152d3b2b00c433e688d4b106",
        "type": "github"
      },
      "original": {
        "owner": "gmodena",
        "repo": "nix-flatpak",
        "type": "github"
      }
    },
    "nix-homebrew": {
      "inputs": {
        "brew-src": "brew-src",
        "nix-darwin": "nix-darwin",
        "nixpkgs": "nixpkgs_2"
      },
      "locked": {
        "lastModified": 1747444109,
        "narHash": "sha256-fSufrKr8NdhLMuGZGwjGUfH+TIWrjFTRIBhgCRIyxno=",
        "owner": "zhaofengli-wip",
        "repo": "nix-homebrew",
        "rev": "159f21ae77da757bbaeb98c0b16ff2e7b2738350",
        "type": "github"
      },
      "original": {
        "owner": "zhaofengli-wip",
        "repo": "nix-homebrew",
        "type": "github"
      }
    },
    "nixos-facter-modules": {
      "locked": {
        "lastModified": 1743671943,
        "narHash": "sha256-7sYig0+RcrR3sOL5M+2spbpFUHyEP7cnUvCaqFOBjyU=",
        "owner": "numtide",
        "repo": "nixos-facter-modules",
        "rev": "58ad9691670d293a15221d4a78818e0088d2e086",
        "type": "github"
      },
      "original": {
        "owner": "numtide",
        "repo": "nixos-facter-modules",
        "type": "github"
      }
    },
    "nixpkgs": {
      "locked": {
        "lastModified": 1687274257,
        "narHash": "sha256-TutzPriQcZ8FghDhEolnHcYU2oHIG5XWF+/SUBNnAOE=",
        "path": "/nix/store/22qgs3skscd9bmrxv9xv4q5d4wwm5ppx-source",
        "rev": "2c9ecd1f0400076a4d6b2193ad468ff0a7e7fdc5",
        "type": "path"
      },
      "original": {
        "id": "nixpkgs",
        "type": "indirect"
      }
    },
    "nixpkgs_2": {
      "locked": {
        "lastModified": 1746328495,
        "narHash": "sha256-uKCfuDs7ZM3QpCE/jnfubTg459CnKnJG/LwqEVEdEiw=",
        "owner": "NixOS",
        "repo": "nixpkgs",
        "rev": "979daf34c8cacebcd917d540070b52a3c2b9b16e",
        "type": "github"
      },
      "original": {
        "owner": "NixOS",
        "ref": "nixos-unstable",
        "repo": "nixpkgs",
        "type": "github"
      }
    },
    "nixpkgs_3": {
      "locked": {
        "lastModified": 1747179050,
        "narHash": "sha256-qhFMmDkeJX9KJwr5H32f1r7Prs7XbQWtO0h3V0a0rFY=",
        "owner": "nixos",
        "repo": "nixpkgs",
        "rev": "adaa24fbf46737f3f1b5497bf64bae750f82942e",
        "type": "github"
      },
      "original": {
        "owner": "nixos",
        "ref": "nixos-unstable",
        "repo": "nixpkgs",
        "type": "github"
      }
    },
    "nixpkgs_4": {
      "locked": {
        "lastModified": 1743448293,
        "narHash": "sha256-bmEPmSjJakAp/JojZRrUvNcDX2R5/nuX6bm+seVaGhs=",
        "owner": "nixos",
        "repo": "nixpkgs",
        "rev": "77b584d61ff80b4cef9245829a6f1dfad5afdfa3",
        "type": "github"
      },
      "original": {
        "owner": "nixos",
        "ref": "nixos-unstable",
        "repo": "nixpkgs",
        "type": "github"
      }
    },
    "root": {
      "inputs": {
        "darwin": "darwin",
        "disko": "disko",
        "homebrew-bundle": "homebrew-bundle",
        "homebrew-cask": "homebrew-cask",
        "homebrew-core": "homebrew-core",
        "nix-flatpak": "nix-flatpak",
        "nix-homebrew": "nix-homebrew",
        "nixos-facter-modules": "nixos-facter-modules",
        "nixpkgs": "nixpkgs_3",
        "zen-browser": "zen-browser"
      }
    },
    "zen-browser": {
      "inputs": {
        "home-manager": "home-manager",
        "nixpkgs": "nixpkgs_4"
      },
      "locked": {
        "lastModified": 1747433905,
        "narHash": "sha256-5UOAlhEgp896xoSQVrTGO+Z4A7Nkk/Ekj5HOCeotoi4=",
        "owner": "0xc000022070",
        "repo": "zen-browser-flake",
        "rev": "0ea4fe8e43eec8760e70816c666a3cdd7310a649",
        "type": "github"
      },
      "original": {
        "owner": "0xc000022070",
        "repo": "zen-browser-flake",
        "type": "github"
      }
    }
  },
  "root": "root",
  "version": 7
}
