{
  "nodes": {
    "brew-src": {
      "flake": false,
      "locked": {
        "lastModified": 1751910772,
        "narHash": "sha256-jQNdIkq2iRDNWskd5f8kX6q9BO/CBSXhMH41WNRft8E=",
        "owner": "Homebrew",
        "repo": "brew",
        "rev": "700d67a85e0129ab8a893ff69246943479e33df1",
        "type": "github"
      },
      "original": {
        "owner": "Homebrew",
        "ref": "4.5.9",
        "repo": "brew",
        "type": "github"
      }
    },
    "darwin": {
      "inputs": {
        "nixpkgs": [
          "nixpkgs"
        ]
      },
      "locked": {
        "lastModified": 1751313918,
        "narHash": "sha256-HsJM3XLa43WpG+665aGEh8iS8AfEwOIQWk3Mke3e7nk=",
        "owner": "lnl7",
        "repo": "nix-darwin",
        "rev": "e04a388232d9a6ba56967ce5b53a8a6f713cdfcf",
        "type": "github"
      },
      "original": {
        "owner": "lnl7",
        "repo": "nix-darwin",
        "type": "github"
      }
    },
    "disko": {
      "inputs": {
        "nixpkgs": [
          "nixpkgs"
        ]
      },
      "locked": {
        "lastModified": 1753140376,
        "narHash": "sha256-7lrVrE0jSvZHrxEzvnfHFE/Wkk9DDqb+mYCodI5uuB8=",
        "owner": "nix-community",
        "repo": "disko",
        "rev": "545aba02960caa78a31bd9a8709a0ad4b6320a5c",
        "type": "github"
      },
      "original": {
        "owner": "nix-community",
        "repo": "disko",
        "type": "github"
      }
    },
    "homebrew-bundle": {
      "flake": false,
      "locked": {
        "lastModified": 1745335228,
        "narHash": "sha256-TIKR2UgtyUmHLNZp255/vLs+1I10hXe+sciMEbAGFwE=",
        "owner": "homebrew",
        "repo": "homebrew-bundle",
        "rev": "a3265c84b232e13048ecbf6fc18a2eedfadbeb08",
        "type": "github"
      },
      "original": {
        "owner": "homebrew",
        "repo": "homebrew-bundle",
        "type": "github"
      }
    },
    "homebrew-cask": {
      "flake": false,
      "locked": {
        "lastModified": 1753562265,
        "narHash": "sha256-IqOyQEAq6OeTJgsulzRgubq8GCcL8/arMRAsuEKFAZ8=",
        "owner": "homebrew",
        "repo": "homebrew-cask",
        "rev": "198f251d55d43d1318531bb6abb34c95d229f5a5",
        "type": "github"
      },
      "original": {
        "owner": "homebrew",
        "repo": "homebrew-cask",
        "type": "github"
      }
    },
    "homebrew-core": {
      "flake": false,
      "locked": {
        "lastModified": 1753563754,
        "narHash": "sha256-yUFx06Q9eiNuHzP/jxQEw4ZKz5779t/cTNyRf9qhDp0=",
        "owner": "homebrew",
        "repo": "homebrew-core",
        "rev": "fb987822d81a3f7fdeab71b0b949ba321ae32816",
        "type": "github"
      },
      "original": {
        "owner": "homebrew",
        "repo": "homebrew-core",
        "type": "github"
      }
    },
    "nix-flatpak": {
      "locked": {
        "lastModified": 1751276396,
        "narHash": "sha256-oOYrnKStMsOXST+wKnzuSZ49h8Dr1Q3mIn2f5Kb5GAw=",
        "owner": "gmodena",
        "repo": "nix-flatpak",
        "rev": "59adb9ad1cbd915494fc35cd0e0a9d582ca9de74",
        "type": "github"
      },
      "original": {
        "owner": "gmodena",
        "repo": "nix-flatpak",
        "type": "github"
      }
    },
    "nix-homebrew": {
      "inputs": {
        "brew-src": "brew-src"
      },
      "locked": {
        "lastModified": 1752160973,
        "narHash": "sha256-BCC8KB7TEtwv7vZN1WDu870tRbXtzUcmF9xNr6ws5Wc=",
        "owner": "zhaofengli-wip",
        "repo": "nix-homebrew",
        "rev": "69c1aa2f136f3c3326d9b6770e0eb54f12832971",
        "type": "github"
      },
      "original": {
        "owner": "zhaofengli-wip",
        "repo": "nix-homebrew",
        "type": "github"
      }
    },
    "nixos-facter-modules": {
      "locked": {
        "lastModified": 1750412875,
        "narHash": "sha256-uP9Xxw5XcFwjX9lNoYRpybOnIIe1BHfZu5vJnnPg3Jc=",
        "owner": "numtide",
        "repo": "nixos-facter-modules",
        "rev": "14df13c84552a7d1f33c1cd18336128fbc43f920",
        "type": "github"
      },
      "original": {
        "owner": "numtide",
        "repo": "nixos-facter-modules",
        "type": "github"
      }
    },
    "nixpkgs": {
      "locked": {
        "lastModified": 1753563830,
        "narHash": "sha256-72FZ8cZnS5VqphcJyG9h1ln4ohNS7MSMbldSBLkVD0U=",
        "owner": "nixos",
        "repo": "nixpkgs",
        "rev": "e330b66982fe5d42b45d9144b064c090adc38e40",
        "type": "github"
      },
      "original": {
        "owner": "nixos",
        "ref": "master",
        "repo": "nixpkgs",
        "type": "github"
      }
    },
    "root": {
      "inputs": {
        "darwin": "darwin",
        "disko": "disko",
        "homebrew-bundle": "homebrew-bundle",
        "homebrew-cask": "homebrew-cask",
        "homebrew-core": "homebrew-core",
        "nix-flatpak": "nix-flatpak",
        "nix-homebrew": "nix-homebrew",
        "nixos-facter-modules": "nixos-facter-modules",
        "nixpkgs": "nixpkgs"
      }
    }
  },
  "root": "root",
  "version": 7
}
